
Microsoft Visual Studio Solution File, Format Version 11.00
# Visual Studio 2010
Project("{8BC9CEB8-8B4A-11D0-8D11-00A0C91BC942}") = "Qt4StartUp", "Qt4StartUp\Qt4StartUp.vcxproj", "{12525438-003E-4131-AEB1-2275D7231A43}"
EndProject
Project("{8BC9CEB8-8B4A-11D0-8D11-00A0C91BC942}") = "CreateDialog", "CreateDialog\CreateDialog.vcxproj", "{C91188EA-A5E6-44B3-A300-3EAD166CF2BA}"
EndProject
Project("{8BC9CEB8-8B4A-11D0-8D11-00A0C91BC942}") = "Spreadsheet", "Spreadsheet\Spreadsheet.vcxproj", "{B8121CD6-A66A-4782-B0DC-2B4481303137}"
EndProject
Project("{8BC9CEB8-8B4A-11D0-8D11-00A0C91BC942}") = "PWidget", "PWidget\PWidget.vcxproj", "{1474B972-1B92-465B-BA2E-2AF010F2E39C}"
EndProject
Project("{8BC9CEB8-8B4A-11D0-8D11-00A0C91BC942}") = "Plotter", "Plotter\Plotter.vcxproj", "{D27C1EA2-D951-471A-84AE-4979A313842E}"
EndProject
Global
	GlobalSection(SolutionConfigurationPlatforms) = preSolution
		Debug|Win32 = Debug|Win32
		Debug|x64 = Debug|x64
		Release|Win32 = Release|Win32
		Release|x64 = Release|x64
	EndGlobalSection
	GlobalSection(ProjectConfigurationPlatforms) = postSolution
		{12525438-003E-4131-AEB1-2275D7231A43}.Debug|Win32.ActiveCfg = Debug|Win32
		{12525438-003E-4131-AEB1-2275D7231A43}.Debug|Win32.Build.0 = Debug|Win32
		{12525438-003E-4131-AEB1-2275D7231A43}.Debug|x64.ActiveCfg = Debug|x64
		{12525438-003E-4131-AEB1-2275D7231A43}.Debug|x64.Build.0 = Debug|x64
		{12525438-003E-4131-AEB1-2275D7231A43}.Release|Win32.ActiveCfg = Release|Win32
		{12525438-003E-4131-AEB1-2275D7231A43}.Release|Win32.Build.0 = Release|Win32
		{12525438-003E-4131-AEB1-2275D7231A43}.Release|x64.ActiveCfg = Release|x64
		{12525438-003E-4131-AEB1-2275D7231A43}.Release|x64.Build.0 = Release|x64
		{C91188EA-A5E6-44B3-A300-3EAD166CF2BA}.Debug|Win32.ActiveCfg = Debug|Win32
		{C91188EA-A5E6-44B3-A300-3EAD166CF2BA}.Debug|Win32.Build.0 = Debug|Win32
		{C91188EA-A5E6-44B3-A300-3EAD166CF2BA}.Debug|x64.ActiveCfg = Debug|x64
		{C91188EA-A5E6-44B3-A300-3EAD166CF2BA}.Debug|x64.Build.0 = Debug|x64
		{C91188EA-A5E6-44B3-A300-3EAD166CF2BA}.Release|Win32.ActiveCfg = Release|Win32
		{C91188EA-A5E6-44B3-A300-3EAD166CF2BA}.Release|Win32.Build.0 = Release|Win32
		{C91188EA-A5E6-44B3-A300-3EAD166CF2BA}.Release|x64.ActiveCfg = Release|x64
		{C91188EA-A5E6-44B3-A300-3EAD166CF2BA}.Release|x64.Build.0 = Release|x64
		{B8121CD6-A66A-4782-B0DC-2B4481303137}.Debug|Win32.ActiveCfg = Debug|Win32
		{B8121CD6-A66A-4782-B0DC-2B4481303137}.Debug|Win32.Build.0 = Debug|Win32
		{B8121CD6-A66A-4782-B0DC-2B4481303137}.Debug|x64.ActiveCfg = Debug|x64
		{B8121CD6-A66A-4782-B0DC-2B4481303137}.Debug|x64.Build.0 = Debug|x64
		{B8121CD6-A66A-4782-B0DC-2B4481303137}.Release|Win32.ActiveCfg = Release|Win32
		{B8121CD6-A66A-4782-B0DC-2B4481303137}.Release|Win32.Build.0 = Release|Win32
		{B8121CD6-A66A-4782-B0DC-2B4481303137}.Release|x64.ActiveCfg = Release|x64
		{B8121CD6-A66A-4782-B0DC-2B4481303137}.Release|x64.Build.0 = Release|x64
		{1474B972-1B92-465B-BA2E-2AF010F2E39C}.Debug|Win32.ActiveCfg = Debug|Win32
		{1474B972-1B92-465B-BA2E-2AF010F2E39C}.Debug|Win32.Build.0 = Debug|Win32
		{1474B972-1B92-465B-BA2E-2AF010F2E39C}.Debug|x64.ActiveCfg = Debug|x64
		{1474B972-1B92-465B-BA2E-2AF010F2E39C}.Debug|x64.Build.0 = Debug|x64
		{1474B972-1B92-465B-BA2E-2AF010F2E39C}.Release|Win32.ActiveCfg = Release|Win32
		{1474B972-1B92-465B-BA2E-2AF010F2E39C}.Release|Win32.Build.0 = Release|Win32
		{1474B972-1B92-465B-BA2E-2AF010F2E39C}.Release|x64.ActiveCfg = Release|x64
		{1474B972-1B92-465B-BA2E-2AF010F2E39C}.Release|x64.Build.0 = Release|x64
		{D27C1EA2-D951-471A-84AE-4979A313842E}.Debug|Win32.ActiveCfg = Debug|Win32
		{D27C1EA2-D951-471A-84AE-4979A313842E}.Debug|Win32.Build.0 = Debug|Win32
		{D27C1EA2-D951-471A-84AE-4979A313842E}.Debug|x64.ActiveCfg = Debug|x64
		{D27C1EA2-D951-471A-84AE-4979A313842E}.Debug|x64.Build.0 = Debug|x64
		{D27C1EA2-D951-471A-84AE-4979A313842E}.Release|Win32.ActiveCfg = Release|Win32
		{D27C1EA2-D951-471A-84AE-4979A313842E}.Release|Win32.Build.0 = Release|Win32
		{D27C1EA2-D951-471A-84AE-4979A313842E}.Release|x64.ActiveCfg = Release|x64
		{D27C1EA2-D951-471A-84AE-4979A313842E}.Release|x64.Build.0 = Release|x64
	EndGlobalSection
	GlobalSection(SolutionProperties) = preSolution
		HideSolutionNode = FALSE
	EndGlobalSection
EndGlobal
